
Microsoft Visual Studio Solution File, Format Version 12.00
# Visual Studio Version 17
VisualStudioVersion = 17.6.33815.320
MinimumVisualStudioVersion = 10.0.40219.1
Project("{FAE04EC0-301F-11D3-BF4B-00C04F79EFBC}") = "QueryBuilder", "QueryBuilder.csproj", "{09E61BAE-7DD7-49C6-B438-4A95ED38405F}"
EndProject
Global
	GlobalSection(SolutionConfigurationPlatforms) = preSolution
		Debug|Any CPU = Debug|Any CPU
		Release|Any CPU = Release|Any CPU
	EndGlobalSection
	GlobalSection(ProjectConfigurationPlatforms) = postSolution
		{09E61BAE-7DD7-49C6-B438-4A95ED38405F}.Debug|Any CPU.ActiveCfg = Debug|Any CPU
		{09E61BAE-7DD7-49C6-B438-4A95ED38405F}.Debug|Any CPU.Build.0 = Debug|Any CPU
		{09E61BAE-7DD7-49C6-B438-4A95ED38405F}.Release|Any CPU.ActiveCfg = Release|Any CPU
		{09E61BAE-7DD7-49C6-B438-4A95ED38405F}.Release|Any CPU.Build.0 = Release|Any CPU
	EndGlobalSection
	GlobalSection(SolutionProperties) = preSolution
		HideSolutionNode = FALSE
	EndGlobalSection
	GlobalSection(ExtensibilityGlobals) = postSolution
		SolutionGuid = {7EFF37C8-C4AA-4607-B583-306FBDD4CF76}
	EndGlobalSection
EndGlobal
